
Microsoft Visual Studio Solution File, Format Version 12.00
# Visual Studio 15
VisualStudioVersion = 15.0.26124.0
MinimumVisualStudioVersion = 15.0.26124.0
Project("{FAE04EC0-301F-11D3-BF4B-00C04F79EFBC}") = "API", "API\API.csproj", "{F28DE6D5-BA16-4C72-8B11-75D7B9FF451F}"
EndProject
Project("{FAE04EC0-301F-11D3-BF4B-00C04F79EFBC}") = "Application", "Application\Application.csproj", "{6B1E784B-91E7-4CEF-AB22-6718EA1360E8}"
EndProject
Project("{FAE04EC0-301F-11D3-BF4B-00C04F79EFBC}") = "Domain", "Domain\Domain.csproj", "{21AB7F52-A09A-4CB1-9041-261F1EC549D7}"
EndProject
Project("{FAE04EC0-301F-11D3-BF4B-00C04F79EFBC}") = "Persistence", "Persistence\Persistence.csproj", "{DF39F44D-8732-4353-81A3-9448532C5169}"
EndProject
Global
	GlobalSection(SolutionConfigurationPlatforms) = preSolution
		Debug|Any CPU = Debug|Any CPU
		Debug|x64 = Debug|x64
		Debug|x86 = Debug|x86
		Release|Any CPU = Release|Any CPU
		Release|x64 = Release|x64
		Release|x86 = Release|x86
	EndGlobalSection
	GlobalSection(SolutionProperties) = preSolution
		HideSolutionNode = FALSE
	EndGlobalSection
	GlobalSection(ProjectConfigurationPlatforms) = postSolution
		{F28DE6D5-BA16-4C72-8B11-75D7B9FF451F}.Debug|Any CPU.ActiveCfg = Debug|Any CPU
		{F28DE6D5-BA16-4C72-8B11-75D7B9FF451F}.Debug|Any CPU.Build.0 = Debug|Any CPU
		{F28DE6D5-BA16-4C72-8B11-75D7B9FF451F}.Debug|x64.ActiveCfg = Debug|Any CPU
		{F28DE6D5-BA16-4C72-8B11-75D7B9FF451F}.Debug|x64.Build.0 = Debug|Any CPU
		{F28DE6D5-BA16-4C72-8B11-75D7B9FF451F}.Debug|x86.ActiveCfg = Debug|Any CPU
		{F28DE6D5-BA16-4C72-8B11-75D7B9FF451F}.Debug|x86.Build.0 = Debug|Any CPU
		{F28DE6D5-BA16-4C72-8B11-75D7B9FF451F}.Release|Any CPU.ActiveCfg = Release|Any CPU
		{F28DE6D5-BA16-4C72-8B11-75D7B9FF451F}.Release|Any CPU.Build.0 = Release|Any CPU
		{F28DE6D5-BA16-4C72-8B11-75D7B9FF451F}.Release|x64.ActiveCfg = Release|Any CPU
		{F28DE6D5-BA16-4C72-8B11-75D7B9FF451F}.Release|x64.Build.0 = Release|Any CPU
		{F28DE6D5-BA16-4C72-8B11-75D7B9FF451F}.Release|x86.ActiveCfg = Release|Any CPU
		{F28DE6D5-BA16-4C72-8B11-75D7B9FF451F}.Release|x86.Build.0 = Release|Any CPU
		{6B1E784B-91E7-4CEF-AB22-6718EA1360E8}.Debug|Any CPU.ActiveCfg = Debug|Any CPU
		{6B1E784B-91E7-4CEF-AB22-6718EA1360E8}.Debug|Any CPU.Build.0 = Debug|Any CPU
		{6B1E784B-91E7-4CEF-AB22-6718EA1360E8}.Debug|x64.ActiveCfg = Debug|Any CPU
		{6B1E784B-91E7-4CEF-AB22-6718EA1360E8}.Debug|x64.Build.0 = Debug|Any CPU
		{6B1E784B-91E7-4CEF-AB22-6718EA1360E8}.Debug|x86.ActiveCfg = Debug|Any CPU
		{6B1E784B-91E7-4CEF-AB22-6718EA1360E8}.Debug|x86.Build.0 = Debug|Any CPU
		{6B1E784B-91E7-4CEF-AB22-6718EA1360E8}.Release|Any CPU.ActiveCfg = Release|Any CPU
		{6B1E784B-91E7-4CEF-AB22-6718EA1360E8}.Release|Any CPU.Build.0 = Release|Any CPU
		{6B1E784B-91E7-4CEF-AB22-6718EA1360E8}.Release|x64.ActiveCfg = Release|Any CPU
		{6B1E784B-91E7-4CEF-AB22-6718EA1360E8}.Release|x64.Build.0 = Release|Any CPU
		{6B1E784B-91E7-4CEF-AB22-6718EA1360E8}.Release|x86.ActiveCfg = Release|Any CPU
		{6B1E784B-91E7-4CEF-AB22-6718EA1360E8}.Release|x86.Build.0 = Release|Any CPU
		{21AB7F52-A09A-4CB1-9041-261F1EC549D7}.Debug|Any CPU.ActiveCfg = Debug|Any CPU
		{21AB7F52-A09A-4CB1-9041-261F1EC549D7}.Debug|Any CPU.Build.0 = Debug|Any CPU
		{21AB7F52-A09A-4CB1-9041-261F1EC549D7}.Debug|x64.ActiveCfg = Debug|Any CPU
		{21AB7F52-A09A-4CB1-9041-261F1EC549D7}.Debug|x64.Build.0 = Debug|Any CPU
		{21AB7F52-A09A-4CB1-9041-261F1EC549D7}.Debug|x86.ActiveCfg = Debug|Any CPU
		{21AB7F52-A09A-4CB1-9041-261F1EC549D7}.Debug|x86.Build.0 = Debug|Any CPU
		{21AB7F52-A09A-4CB1-9041-261F1EC549D7}.Release|Any CPU.ActiveCfg = Release|Any CPU
		{21AB7F52-A09A-4CB1-9041-261F1EC549D7}.Release|Any CPU.Build.0 = Release|Any CPU
		{21AB7F52-A09A-4CB1-9041-261F1EC549D7}.Release|x64.ActiveCfg = Release|Any CPU
		{21AB7F52-A09A-4CB1-9041-261F1EC549D7}.Release|x64.Build.0 = Release|Any CPU
		{21AB7F52-A09A-4CB1-9041-261F1EC549D7}.Release|x86.ActiveCfg = Release|Any CPU
		{21AB7F52-A09A-4CB1-9041-261F1EC549D7}.Release|x86.Build.0 = Release|Any CPU
		{DF39F44D-8732-4353-81A3-9448532C5169}.Debug|Any CPU.ActiveCfg = Debug|Any CPU
		{DF39F44D-8732-4353-81A3-9448532C5169}.Debug|Any CPU.Build.0 = Debug|Any CPU
		{DF39F44D-8732-4353-81A3-9448532C5169}.Debug|x64.ActiveCfg = Debug|Any CPU
		{DF39F44D-8732-4353-81A3-9448532C5169}.Debug|x64.Build.0 = Debug|Any CPU
		{DF39F44D-8732-4353-81A3-9448532C5169}.Debug|x86.ActiveCfg = Debug|Any CPU
		{DF39F44D-8732-4353-81A3-9448532C5169}.Debug|x86.Build.0 = Debug|Any CPU
		{DF39F44D-8732-4353-81A3-9448532C5169}.Release|Any CPU.ActiveCfg = Release|Any CPU
		{DF39F44D-8732-4353-81A3-9448532C5169}.Release|Any CPU.Build.0 = Release|Any CPU
		{DF39F44D-8732-4353-81A3-9448532C5169}.Release|x64.ActiveCfg = Release|Any CPU
		{DF39F44D-8732-4353-81A3-9448532C5169}.Release|x64.Build.0 = Release|Any CPU
		{DF39F44D-8732-4353-81A3-9448532C5169}.Release|x86.ActiveCfg = Release|Any CPU
		{DF39F44D-8732-4353-81A3-9448532C5169}.Release|x86.Build.0 = Release|Any CPU
	EndGlobalSection
EndGlobal
